
Microsoft Visual Studio Solution File, Format Version 12.00
# Visual Studio Version 17
VisualStudioVersion = 17.11.35312.102
MinimumVisualStudioVersion = 10.0.40219.1
Project("{FAE04EC0-301F-11D3-BF4B-00C04F79EFBC}") = "orai_feladat", "orai_feladat\orai_feladat.csproj", "{4A40F9EA-A8FF-4CD4-A128-1F2CF7EE6B7D}"
EndProject
Global
	GlobalSection(SolutionConfigurationPlatforms) = preSolution
		Debug|Any CPU = Debug|Any CPU
		Release|Any CPU = Release|Any CPU
	EndGlobalSection
	GlobalSection(ProjectConfigurationPlatforms) = postSolution
		{4A40F9EA-A8FF-4CD4-A128-1F2CF7EE6B7D}.Debug|Any CPU.ActiveCfg = Debug|Any CPU
		{4A40F9EA-A8FF-4CD4-A128-1F2CF7EE6B7D}.Debug|Any CPU.Build.0 = Debug|Any CPU
		{4A40F9EA-A8FF-4CD4-A128-1F2CF7EE6B7D}.Release|Any CPU.ActiveCfg = Release|Any CPU
		{4A40F9EA-A8FF-4CD4-A128-1F2CF7EE6B7D}.Release|Any CPU.Build.0 = Release|Any CPU
	EndGlobalSection
	GlobalSection(SolutionProperties) = preSolution
		HideSolutionNode = FALSE
	EndGlobalSection
	GlobalSection(ExtensibilityGlobals) = postSolution
		SolutionGuid = {8CDA3C11-A25E-4562-80B9-1F8A86EA500B}
	EndGlobalSection
EndGlobal
